
Microsoft Visual Studio Solution File, Format Version 12.00
# Visual Studio Version 17
VisualStudioVersion = 17.7.34024.191
MinimumVisualStudioVersion = 10.0.40219.1
Project("{8BC9CEB8-8B4A-11D0-8D11-00A0C91BC942}") = "CS-330-Module-Two", "CS-330-Module-Two.vcxproj", "{57CADA1E-8D0B-4D3C-8B0C-F012198F926C}"
EndProject
Global
	GlobalSection(SolutionConfigurationPlatforms) = preSolution
		Debug|x64 = Debug|x64
		Debug|x86 = Debug|x86
		Release|x64 = Release|x64
		Release|x86 = Release|x86
	EndGlobalSection
	GlobalSection(ProjectConfigurationPlatforms) = postSolution
		{57CADA1E-8D0B-4D3C-8B0C-F012198F926C}.Debug|x64.ActiveCfg = Debug|x64
		{57CADA1E-8D0B-4D3C-8B0C-F012198F926C}.Debug|x64.Build.0 = Debug|x64
		{57CADA1E-8D0B-4D3C-8B0C-F012198F926C}.Debug|x86.ActiveCfg = Debug|Win32
		{57CADA1E-8D0B-4D3C-8B0C-F012198F926C}.Debug|x86.Build.0 = Debug|Win32
		{57CADA1E-8D0B-4D3C-8B0C-F012198F926C}.Release|x64.ActiveCfg = Release|x64
		{57CADA1E-8D0B-4D3C-8B0C-F012198F926C}.Release|x64.Build.0 = Release|x64
		{57CADA1E-8D0B-4D3C-8B0C-F012198F926C}.Release|x86.ActiveCfg = Release|Win32
		{57CADA1E-8D0B-4D3C-8B0C-F012198F926C}.Release|x86.Build.0 = Release|Win32
	EndGlobalSection
	GlobalSection(SolutionProperties) = preSolution
		HideSolutionNode = FALSE
	EndGlobalSection
	GlobalSection(ExtensibilityGlobals) = postSolution
		SolutionGuid = {B6918AD3-4CA0-46CA-9E46-BD466819EB84}
	EndGlobalSection
EndGlobal
